{
  "name": "ss",
  "version": "1.0.0",
  "lockfileVersion": 1,
  "requires": true,
  "dependencies": {
    "addr-to-ip-port": {
      "version": "1.5.1",
      "resolved": "https://registry.npm.taobao.org/addr-to-ip-port/download/addr-to-ip-port-1.5.1.tgz",
      "integrity": "sha1-v62hP9au7qwZ8en32EtLurReUgg="
    },
    "async-limiter": {
      "version": "1.0.0",
      "resolved": "https://registry.npm.taobao.org/async-limiter/download/async-limiter-1.0.0.tgz",
      "integrity": "sha1-ePrtjD0HSrgfIrTphdeehzj3IPg="
    },
    "bencode": {
      "version": "2.0.1",
      "resolved": "https://registry.npm.taobao.org/bencode/download/bencode-2.0.1.tgz",
      "integrity": "sha1-ZnpqMcXgONVYYIMz2mt8lOg2yFs=",
      "requires": {
        "safe-buffer": "^5.1.1"
      }
    },
    "bittorrent-peerid": {
      "version": "1.3.2",
      "resolved": "https://registry.npm.taobao.org/bittorrent-peerid/download/bittorrent-peerid-1.3.2.tgz",
      "integrity": "sha1-rKn/gS7AmciCB5vsYLVVijrbVvo="
    },
    "bittorrent-tracker": {
      "version": "9.14.4",
      "resolved": "https://registry.npm.taobao.org/bittorrent-tracker/download/bittorrent-tracker-9.14.4.tgz",
      "integrity": "sha1-DZZhVg5v7DdonfxQRRQncurAVTY=",
      "requires": {
        "bencode": "^2.0.0",
        "bittorrent-peerid": "^1.0.2",
        "bn.js": "^5.0.0",
        "bufferutil": "^4.0.0",
        "chrome-dgram": "^3.0.2",
        "compact2string": "^1.2.0",
        "debug": "^4.0.1",
        "ip": "^1.0.1",
        "lru": "^3.0.0",
        "minimist": "^1.1.1",
        "once": "^1.3.0",
        "random-iterate": "^1.0.1",
        "randombytes": "^2.0.3",
        "run-parallel": "^1.1.2",
        "run-series": "^1.0.2",
        "simple-get": "^3.0.0",
        "simple-peer": "^9.0.0",
        "simple-websocket": "^8.0.0",
        "string2compact": "^1.1.1",
        "uniq": "^1.0.1",
        "unordered-array-remove": "^1.0.2",
        "utf-8-validate": "^5.0.1",
        "ws": "^7.0.0"
      }
    },
    "bn.js": {
      "version": "5.0.0",
      "resolved": "https://registry.npm.taobao.org/bn.js/download/bn.js-5.0.0.tgz",
      "integrity": "sha1-XD05gCGz3bVIwSlqFvhX6QjzXHA="
    },
    "bufferutil": {
      "version": "4.0.1",
      "resolved": "https://registry.npm.taobao.org/bufferutil/download/bufferutil-4.0.1.tgz",
      "integrity": "sha1-Ohd+jlgZoSQ/4WtjoZmVGnrY1Kc=",
      "optional": true,
      "requires": {
        "node-gyp-build": "~3.7.0"
      }
    },
    "chrome-dgram": {
      "version": "3.0.4",
      "resolved": "https://registry.npm.taobao.org/chrome-dgram/download/chrome-dgram-3.0.4.tgz",
      "integrity": "sha1-qnhfI9H8cchhnorxZtt7ncIaTz4=",
      "requires": {
        "inherits": "^2.0.1",
        "run-series": "^1.1.2"
      }
    },
    "compact2string": {
      "version": "1.4.1",
      "resolved": "https://registry.npm.taobao.org/compact2string/download/compact2string-1.4.1.tgz",
      "integrity": "sha1-jTSSkFX4MAoTz8AwrRgy4uU8LiU=",
      "requires": {
        "ipaddr.js": ">= 0.1.5"
      }
    },
    "debug": {
      "version": "4.1.1",
      "resolved": "https://registry.npm.taobao.org/debug/download/debug-4.1.1.tgz",
      "integrity": "sha1-O3ImAlUQnGtYnO4FDx1RYTlmR5E=",
      "requires": {
        "ms": "^2.1.1"
      }
    },
    "decompress-response": {
      "version": "4.2.1",
      "resolved": "https://registry.npm.taobao.org/decompress-response/download/decompress-response-4.2.1.tgz",
      "integrity": "sha1-QUAjzHowLaJc4uyC0NUjjMr9iYY=",
      "requires": {
        "mimic-response": "^2.0.0"
      }
    },
    "get-browser-rtc": {
      "version": "1.0.2",
      "resolved": "https://registry.npm.taobao.org/get-browser-rtc/download/get-browser-rtc-1.0.2.tgz",
      "integrity": "sha1-u81AyEUaftTvXDc7gWmkCd0dEdk="
    },
    "inherits": {
      "version": "2.0.4",
      "resolved": "https://registry.npm.taobao.org/inherits/download/inherits-2.0.4.tgz?cache=0&other_urls=https%3A%2F%2Fregistry.npm.taobao.org%2Finherits%2Fdownload%2Finherits-2.0.4.tgz",
      "integrity": "sha1-D6LGT5MpF8NDOg3tVTY6rjdBa3w="
    },
    "ip": {
      "version": "1.1.5",
      "resolved": "https://registry.npm.taobao.org/ip/download/ip-1.1.5.tgz",
      "integrity": "sha1-vd7XARQpCCjAoDnnLvJfWq7ENUo="
    },
    "ipaddr.js": {
      "version": "1.9.1",
      "resolved": "https://registry.npm.taobao.org/ipaddr.js/download/ipaddr.js-1.9.1.tgz",
      "integrity": "sha1-v/OFQ+64mEglB5/zoqjmy9RngbM="
    },
    "lodash": {
      "version": "4.17.19",
      "resolved": "https://registry.npmjs.org/lodash/-/lodash-4.17.19.tgz",
      "integrity": "sha512-JNvd8XER9GQX0v2qJgsaN/mzFCNA5BRe/j8JN9d+tWyGLSodKQHKFicdwNYzWwI3wjRnaKPsGj1XkBjx/F96DQ=="
    },
    "log-prefix": {
      "version": "0.1.1",
      "resolved": "https://registry.npm.taobao.org/log-prefix/download/log-prefix-0.1.1.tgz",
      "integrity": "sha1-PsSSE4yARMn5cyKYSS3Kh4UMrJA="
    },
    "log-timestamp": {
      "version": "0.3.0",
      "resolved": "https://registry.npm.taobao.org/log-timestamp/download/log-timestamp-0.3.0.tgz",
      "integrity": "sha1-LhDx8NuHJnTvPs9T1qMShArK5F8=",
      "requires": {
        "log-prefix": "0.1.1"
      }
    },
    "lru": {
      "version": "3.1.0",
      "resolved": "https://registry.npm.taobao.org/lru/download/lru-3.1.0.tgz",
      "integrity": "sha1-6n+4VG2DczOWoTCR12z+tMBoN9U=",
      "requires": {
        "inherits": "^2.0.1"
      }
    },
    "mimic-response": {
      "version": "2.0.0",
      "resolved": "https://registry.npm.taobao.org/mimic-response/download/mimic-response-2.0.0.tgz",
      "integrity": "sha1-mWpRxgrfEsuKh9f7jvJMLz1eu0Y="
    },
    "minimist": {
      "version": "1.2.0",
      "resolved": "https://registry.npm.taobao.org/minimist/download/minimist-1.2.0.tgz",
      "integrity": "sha1-o1AIsg9BOD7sH7kU9M1d95omQoQ="
    },
    "moment": {
      "version": "2.24.0",
      "resolved": "https://registry.npm.taobao.org/moment/download/moment-2.24.0.tgz",
      "integrity": "sha1-DQVdU/UFKqZTyfbraLtdEr9cK1s="
    },
    "ms": {
      "version": "2.1.2",
      "resolved": "https://registry.npm.taobao.org/ms/download/ms-2.1.2.tgz",
      "integrity": "sha1-0J0fNXtEP0kzgqjrPM0YOHKuYAk="
    },
    "node-gyp-build": {
      "version": "3.7.0",
      "resolved": "https://registry.npm.taobao.org/node-gyp-build/download/node-gyp-build-3.7.0.tgz",
      "integrity": "sha1-2qd6T1R7mu0+Kqx3nq8VGv1g7I0=",
      "optional": true
    },
    "once": {
      "version": "1.4.0",
      "resolved": "https://registry.npm.taobao.org/once/download/once-1.4.0.tgz",
      "integrity": "sha1-WDsap3WWHUsROsF9nFC6753Xa9E=",
      "requires": {
        "wrappy": "1"
      }
    },
    "queue-microtask": {
      "version": "1.1.2",
      "resolved": "https://registry.npm.taobao.org/queue-microtask/download/queue-microtask-1.1.2.tgz",
      "integrity": "sha1-E5v4GG2wxUUBfsZsJmSsZG1cVx4="
    },
    "random-iterate": {
      "version": "1.0.1",
      "resolved": "https://registry.npm.taobao.org/random-iterate/download/random-iterate-1.0.1.tgz",
      "integrity": "sha1-99l9kt7mZl7F9toIx/ljytSyrJk="
    },
    "randombytes": {
      "version": "2.1.0",
      "resolved": "https://registry.npm.taobao.org/randombytes/download/randombytes-2.1.0.tgz",
      "integrity": "sha1-32+ENy8CcNxlzfYpE0mrekc9Tyo=",
      "requires": {
        "safe-buffer": "^5.1.0"
      }
    },
    "readable-stream": {
      "version": "3.4.0",
      "resolved": "https://registry.npm.taobao.org/readable-stream/download/readable-stream-3.4.0.tgz?cache=0&other_urls=https%3A%2F%2Fregistry.npm.taobao.org%2Freadable-stream%2Fdownload%2Freadable-stream-3.4.0.tgz",
      "integrity": "sha1-pRwmdUZY4KPCHb9ZFjvUW6b0R/w=",
      "requires": {
        "inherits": "^2.0.3",
        "string_decoder": "^1.1.1",
        "util-deprecate": "^1.0.1"
      }
    },
    "run-parallel": {
      "version": "1.1.9",
      "resolved": "https://registry.npm.taobao.org/run-parallel/download/run-parallel-1.1.9.tgz",
      "integrity": "sha1-yd06fPn0ssS2JE4XOm7YZuYd1nk="
    },
    "run-series": {
      "version": "1.1.8",
      "resolved": "https://registry.npm.taobao.org/run-series/download/run-series-1.1.8.tgz",
      "integrity": "sha1-LEVY9JIh4BzWNx/04KHiA+Rg/DY="
    },
    "safe-buffer": {
      "version": "5.2.0",
      "resolved": "https://registry.npm.taobao.org/safe-buffer/download/safe-buffer-5.2.0.tgz?cache=0&sync_timestamp=1562377642757&other_urls=https%3A%2F%2Fregistry.npm.taobao.org%2Fsafe-buffer%2Fdownload%2Fsafe-buffer-5.2.0.tgz",
      "integrity": "sha1-t02uxJsRSPiMZLaNSbHoFcHy9Rk="
    },
    "simple-concat": {
      "version": "1.0.0",
      "resolved": "https://registry.npm.taobao.org/simple-concat/download/simple-concat-1.0.0.tgz",
      "integrity": "sha1-c0TLuLbib7J9ZrL8hvn21Zl1IcY="
    },
    "simple-get": {
      "version": "3.1.0",
      "resolved": "https://registry.npm.taobao.org/simple-get/download/simple-get-3.1.0.tgz",
      "integrity": "sha1-tFvgYkNeUNFZVAtXYgLO7EC5xrM=",
      "requires": {
        "decompress-response": "^4.2.0",
        "once": "^1.3.1",
        "simple-concat": "^1.0.0"
      }
    },
    "simple-peer": {
      "version": "9.6.2",
      "resolved": "https://registry.npm.taobao.org/simple-peer/download/simple-peer-9.6.2.tgz",
      "integrity": "sha1-QkGOd8+PkYTk+iLvEBexlcK/hNc=",
      "requires": {
        "debug": "^4.0.1",
        "get-browser-rtc": "^1.0.0",
        "queue-microtask": "^1.1.0",
        "randombytes": "^2.0.3",
        "readable-stream": "^3.4.0"
      }
    },
    "simple-websocket": {
      "version": "8.1.1",
      "resolved": "https://registry.npm.taobao.org/simple-websocket/download/simple-websocket-8.1.1.tgz",
      "integrity": "sha1-T9aMsTAcElOyYHz+CVCovjfmEWo=",
      "requires": {
        "debug": "^4.1.1",
        "queue-microtask": "^1.1.0",
        "randombytes": "^2.0.3",
        "readable-stream": "^3.1.1",
        "ws": "^7.0.0"
      }
    },
    "string2compact": {
      "version": "1.3.0",
      "resolved": "https://registry.npm.taobao.org/string2compact/download/string2compact-1.3.0.tgz",
      "integrity": "sha1-ItlGEnsILRIDxRMWr2ARejN0I8M=",
      "requires": {
        "addr-to-ip-port": "^1.0.1",
        "ipaddr.js": "^1.0.1"
      }
    },
    "string_decoder": {
      "version": "1.3.0",
      "resolved": "https://registry.npm.taobao.org/string_decoder/download/string_decoder-1.3.0.tgz",
      "integrity": "sha1-QvEUWUpGzxqOMLCoT1bHjD7awh4=",
      "requires": {
        "safe-buffer": "~5.2.0"
      }
    },
    "uniq": {
      "version": "1.0.1",
      "resolved": "https://registry.npm.taobao.org/uniq/download/uniq-1.0.1.tgz",
      "integrity": "sha1-sxxa6CVIRKOoKBVBzisEuGWnNP8="
    },
    "unordered-array-remove": {
      "version": "1.0.2",
      "resolved": "https://registry.npm.taobao.org/unordered-array-remove/download/unordered-array-remove-1.0.2.tgz",
      "integrity": "sha1-xUbo+I4xegzyZEyX7LV9umbSUO8="
    },
    "utf-8-validate": {
      "version": "5.0.2",
      "resolved": "https://registry.npm.taobao.org/utf-8-validate/download/utf-8-validate-5.0.2.tgz",
      "integrity": "sha1-Y8+8zYXcHytmz3odDuvAjtBWv7M=",
      "optional": true,
      "requires": {
        "node-gyp-build": "~3.7.0"
      }
    },
    "util-deprecate": {
      "version": "1.0.2",
      "resolved": "https://registry.npm.taobao.org/util-deprecate/download/util-deprecate-1.0.2.tgz",
      "integrity": "sha1-RQ1Nyfpw3nMnYvvS1KKJgUGaDM8="
    },
    "wrappy": {
      "version": "1.0.2",
      "resolved": "https://registry.npm.taobao.org/wrappy/download/wrappy-1.0.2.tgz",
      "integrity": "sha1-tSQ9jz7BqjXxNkYFvA0QNuMKtp8="
    },
    "ws": {
      "version": "7.1.1",
      "resolved": "https://registry.npm.taobao.org/ws/download/ws-7.1.1.tgz",
      "integrity": "sha1-+ZQtyGi23/tywU/Y8roF93pNWYM=",
      "requires": {
        "async-limiter": "^1.0.0"
      }
    }
  }
}
